
Microsoft Visual Studio Solution File, Format Version 9.00
# Visual Studio 2005
Project("{8BC9CEB8-8B4A-11D0-8D11-00A0C91BC942}") = "gtest_static", "source\gtest_static\vs2005\gtest_static.vcproj", "{BE4D60DD-34AD-4F65-9C76-208DA70688C9}"
	ProjectSection(WebsiteProperties) = preProject
		Debug.AspNetCompiler.Debug = "True"
		Release.AspNetCompiler.Debug = "False"
	EndProjectSection
EndProject
Project("{8BC9CEB8-8B4A-11D0-8D11-00A0C91BC942}") = "AtlFunctionsTest", "source\test\atl_functions\vs2005\atl_functions_test.vcproj", "{CF8018D5-272D-4E43-9730-0969D1791F43}"
	ProjectSection(WebsiteProperties) = preProject
		Debug.AspNetCompiler.Debug = "True"
		Release.AspNetCompiler.Debug = "False"
	EndProjectSection
	ProjectSection(ProjectDependencies) = postProject
		{C9B5CE26-3815-4F38-99A6-24918A5119CC} = {C9B5CE26-3815-4F38-99A6-24918A5119CC}
		{BE4D60DD-34AD-4F65-9C76-208DA70688C9} = {BE4D60DD-34AD-4F65-9C76-208DA70688C9}
	EndProjectSection
EndProject
Project("{8BC9CEB8-8B4A-11D0-8D11-00A0C91BC942}") = "GdiplusTest", "source\test\gdiplus\vs2005\gdiplus_test.vcproj", "{D18A63FA-AF71-43EB-81FB-201809111524}"
	ProjectSection(WebsiteProperties) = preProject
		Debug.AspNetCompiler.Debug = "True"
		Release.AspNetCompiler.Debug = "False"
	EndProjectSection
	ProjectSection(ProjectDependencies) = postProject
		{C9B5CE26-3815-4F38-99A6-24918A5119CC} = {C9B5CE26-3815-4F38-99A6-24918A5119CC}
	EndProjectSection
EndProject
Project("{8BC9CEB8-8B4A-11D0-8D11-00A0C91BC942}") = "SocketsTest", "source\test\sockets\vs2005\sockets_test.vcproj", "{CF8018D5-272D-4E43-9730-201809110389}"
	ProjectSection(WebsiteProperties) = preProject
		Debug.AspNetCompiler.Debug = "True"
		Release.AspNetCompiler.Debug = "False"
	EndProjectSection
	ProjectSection(ProjectDependencies) = postProject
		{C9B5CE26-3815-4F38-99A6-24918A5119CC} = {C9B5CE26-3815-4F38-99A6-24918A5119CC}
		{BE4D60DD-34AD-4F65-9C76-208DA70688C9} = {BE4D60DD-34AD-4F65-9C76-208DA70688C9}
	EndProjectSection
EndProject
Project("{8BC9CEB8-8B4A-11D0-8D11-00A0C91BC942}") = "PRE_BUILD", "source\pre-build\vs2005\pre-build.vcproj", "{C9B5CE26-3815-4F38-99A6-24918A5119CC}"
	ProjectSection(WebsiteProperties) = preProject
		Debug.AspNetCompiler.Debug = "True"
		Release.AspNetCompiler.Debug = "False"
	EndProjectSection
EndProject
Global
	GlobalSection(SolutionConfigurationPlatforms) = preSolution
		Debug(cutest)|Win32 = Debug(cutest)|Win32
		Debug(gtest)|Win32 = Debug(gtest)|Win32
		Release(cutest)|Win32 = Release(cutest)|Win32
		Release(gtest)|Win32 = Release(gtest)|Win32
	EndGlobalSection
	GlobalSection(ProjectConfigurationPlatforms) = postSolution
		{BE4D60DD-34AD-4F65-9C76-208DA70688C9}.Debug(cutest)|Win32.ActiveCfg = Debug(gtest)|Win32
		{BE4D60DD-34AD-4F65-9C76-208DA70688C9}.Debug(gtest)|Win32.ActiveCfg = Debug(gtest)|Win32
		{BE4D60DD-34AD-4F65-9C76-208DA70688C9}.Debug(gtest)|Win32.Build.0 = Debug(gtest)|Win32
		{BE4D60DD-34AD-4F65-9C76-208DA70688C9}.Release(cutest)|Win32.ActiveCfg = Release(gtest)|Win32
		{BE4D60DD-34AD-4F65-9C76-208DA70688C9}.Release(gtest)|Win32.ActiveCfg = Release(gtest)|Win32
		{BE4D60DD-34AD-4F65-9C76-208DA70688C9}.Release(gtest)|Win32.Build.0 = Release(gtest)|Win32
		{CF8018D5-272D-4E43-9730-0969D1791F43}.Debug(cutest)|Win32.ActiveCfg = Debug(cutest)|Win32
		{CF8018D5-272D-4E43-9730-0969D1791F43}.Debug(cutest)|Win32.Build.0 = Debug(cutest)|Win32
		{CF8018D5-272D-4E43-9730-0969D1791F43}.Debug(gtest)|Win32.ActiveCfg = Debug(gtest)|Win32
		{CF8018D5-272D-4E43-9730-0969D1791F43}.Debug(gtest)|Win32.Build.0 = Debug(gtest)|Win32
		{CF8018D5-272D-4E43-9730-0969D1791F43}.Release(cutest)|Win32.ActiveCfg = Release(cutest)|Win32
		{CF8018D5-272D-4E43-9730-0969D1791F43}.Release(cutest)|Win32.Build.0 = Release(cutest)|Win32
		{CF8018D5-272D-4E43-9730-0969D1791F43}.Release(gtest)|Win32.ActiveCfg = Release(gtest)|Win32
		{CF8018D5-272D-4E43-9730-0969D1791F43}.Release(gtest)|Win32.Build.0 = Release(gtest)|Win32
		{D18A63FA-AF71-43EB-81FB-201809111524}.Debug(cutest)|Win32.ActiveCfg = Debug(cutest)|Win32
		{D18A63FA-AF71-43EB-81FB-201809111524}.Debug(cutest)|Win32.Build.0 = Debug(cutest)|Win32
		{D18A63FA-AF71-43EB-81FB-201809111524}.Debug(gtest)|Win32.ActiveCfg = Debug(cutest)|Win32
		{D18A63FA-AF71-43EB-81FB-201809111524}.Release(cutest)|Win32.ActiveCfg = Release(cutest)|Win32
		{D18A63FA-AF71-43EB-81FB-201809111524}.Release(cutest)|Win32.Build.0 = Release(cutest)|Win32
		{D18A63FA-AF71-43EB-81FB-201809111524}.Release(gtest)|Win32.ActiveCfg = Release(cutest)|Win32
		{CF8018D5-272D-4E43-9730-201809110389}.Debug(cutest)|Win32.ActiveCfg = Debug(cutest)|Win32
		{CF8018D5-272D-4E43-9730-201809110389}.Debug(cutest)|Win32.Build.0 = Debug(cutest)|Win32
		{CF8018D5-272D-4E43-9730-201809110389}.Debug(gtest)|Win32.ActiveCfg = Debug(gtest)|Win32
		{CF8018D5-272D-4E43-9730-201809110389}.Debug(gtest)|Win32.Build.0 = Debug(gtest)|Win32
		{CF8018D5-272D-4E43-9730-201809110389}.Release(cutest)|Win32.ActiveCfg = Release(cutest)|Win32
		{CF8018D5-272D-4E43-9730-201809110389}.Release(cutest)|Win32.Build.0 = Release(cutest)|Win32
		{CF8018D5-272D-4E43-9730-201809110389}.Release(gtest)|Win32.ActiveCfg = Release(gtest)|Win32
		{CF8018D5-272D-4E43-9730-201809110389}.Release(gtest)|Win32.Build.0 = Release(gtest)|Win32
		{C9B5CE26-3815-4F38-99A6-24918A5119CC}.Debug(cutest)|Win32.ActiveCfg = Debug(cutest)|Win32
		{C9B5CE26-3815-4F38-99A6-24918A5119CC}.Debug(cutest)|Win32.Build.0 = Debug(cutest)|Win32
		{C9B5CE26-3815-4F38-99A6-24918A5119CC}.Debug(gtest)|Win32.ActiveCfg = Debug(cutest)|Win32
		{C9B5CE26-3815-4F38-99A6-24918A5119CC}.Debug(gtest)|Win32.Build.0 = Debug(cutest)|Win32
		{C9B5CE26-3815-4F38-99A6-24918A5119CC}.Release(cutest)|Win32.ActiveCfg = Release(cutest)|Win32
		{C9B5CE26-3815-4F38-99A6-24918A5119CC}.Release(cutest)|Win32.Build.0 = Release(cutest)|Win32
		{C9B5CE26-3815-4F38-99A6-24918A5119CC}.Release(gtest)|Win32.ActiveCfg = Release(cutest)|Win32
		{C9B5CE26-3815-4F38-99A6-24918A5119CC}.Release(gtest)|Win32.Build.0 = Release(cutest)|Win32
	EndGlobalSection
	GlobalSection(SolutionProperties) = preSolution
		HideSolutionNode = FALSE
	EndGlobalSection
EndGlobal
