
Microsoft Visual Studio Solution File, Format Version 12.00
# Visual Studio 14
VisualStudioVersion = 14.0.25420.1
MinimumVisualStudioVersion = 10.0.40219.1
Project("{8BC9CEB8-8B4A-11D0-8D11-00A0C91BC942}") = "AtlFunctionsTest", "source\test\atl_functions\vs2015\atl_functions_test.vcxproj", "{85038FE2-80EC-4142-BB76-D915695F2973}"
	ProjectSection(ProjectDependencies) = postProject
		{5E5AC592-F024-477E-B3D3-19D45DFD6C7F} = {5E5AC592-F024-477E-B3D3-19D45DFD6C7F}
		{236D4AC4-1965-49E4-98AD-135EB6F03CCE} = {236D4AC4-1965-49E4-98AD-135EB6F03CCE}
	EndProjectSection
EndProject
Project("{8BC9CEB8-8B4A-11D0-8D11-00A0C91BC942}") = "gtest_static", "source\gtest_static\vs2015\gtest_static.vcxproj", "{5E5AC592-F024-477E-B3D3-19D45DFD6C7F}"
EndProject
Project("{8BC9CEB8-8B4A-11D0-8D11-00A0C91BC942}") = "GdiplusTest", "source\test\gdiplus\vs2015\gdiplus_test.vcxproj", "{1436541D-F94D-4458-855E-8A2453A5CC39}"
	ProjectSection(ProjectDependencies) = postProject
		{236D4AC4-1965-49E4-98AD-135EB6F03CCE} = {236D4AC4-1965-49E4-98AD-135EB6F03CCE}
	EndProjectSection
EndProject
Project("{8BC9CEB8-8B4A-11D0-8D11-00A0C91BC942}") = "SocketsTest", "source\test\sockets\vs2015\sockets_test.vcxproj", "{85038FE2-80EC-4142-BB76-201809100716}"
	ProjectSection(ProjectDependencies) = postProject
		{5E5AC592-F024-477E-B3D3-19D45DFD6C7F} = {5E5AC592-F024-477E-B3D3-19D45DFD6C7F}
		{236D4AC4-1965-49E4-98AD-135EB6F03CCE} = {236D4AC4-1965-49E4-98AD-135EB6F03CCE}
	EndProjectSection
EndProject
Project("{8BC9CEB8-8B4A-11D0-8D11-00A0C91BC942}") = "Pre-Build", "source\pre-build\vs2015\pre-build.vcxproj", "{236D4AC4-1965-49E4-98AD-135EB6F03CCE}"
EndProject
Project("{8BC9CEB8-8B4A-11D0-8D11-00A0C91BC942}") = "BasicTypesTest", "source\test\basic_types\vs2015\basic_types_test.vcxproj", "{85038FE2-80EC-4142-BB76-201809161805}"
	ProjectSection(ProjectDependencies) = postProject
		{5E5AC592-F024-477E-B3D3-19D45DFD6C7F} = {5E5AC592-F024-477E-B3D3-19D45DFD6C7F}
	EndProjectSection
EndProject
Project("{8BC9CEB8-8B4A-11D0-8D11-00A0C91BC942}") = "GdiTest", "source\test\gdi\vs2015\gdi_test.vcxproj", "{D651CA98-26A6-4AE7-BB2E-201811161441}"
	ProjectSection(ProjectDependencies) = postProject
		{236D4AC4-1965-49E4-98AD-135EB6F03CCE} = {236D4AC4-1965-49E4-98AD-135EB6F03CCE}
	EndProjectSection
EndProject
Global
	GlobalSection(SolutionConfigurationPlatforms) = preSolution
		Debug(cutest)|x64 = Debug(cutest)|x64
		Debug(cutest)|x86 = Debug(cutest)|x86
		Debug(gtest)|x64 = Debug(gtest)|x64
		Debug(gtest)|x86 = Debug(gtest)|x86
		Release(cutest)|x64 = Release(cutest)|x64
		Release(cutest)|x86 = Release(cutest)|x86
		Release(gtest)|x64 = Release(gtest)|x64
		Release(gtest)|x86 = Release(gtest)|x86
	EndGlobalSection
	GlobalSection(ProjectConfigurationPlatforms) = postSolution
		{85038FE2-80EC-4142-BB76-D915695F2973}.Debug(cutest)|x64.ActiveCfg = Debug(cutest)|x64
		{85038FE2-80EC-4142-BB76-D915695F2973}.Debug(cutest)|x64.Build.0 = Debug(cutest)|x64
		{85038FE2-80EC-4142-BB76-D915695F2973}.Debug(cutest)|x86.ActiveCfg = Debug(cutest)|Win32
		{85038FE2-80EC-4142-BB76-D915695F2973}.Debug(cutest)|x86.Build.0 = Debug(cutest)|Win32
		{85038FE2-80EC-4142-BB76-D915695F2973}.Debug(gtest)|x64.ActiveCfg = Debug(gtest)|x64
		{85038FE2-80EC-4142-BB76-D915695F2973}.Debug(gtest)|x64.Build.0 = Debug(gtest)|x64
		{85038FE2-80EC-4142-BB76-D915695F2973}.Debug(gtest)|x86.ActiveCfg = Debug(gtest)|Win32
		{85038FE2-80EC-4142-BB76-D915695F2973}.Debug(gtest)|x86.Build.0 = Debug(gtest)|Win32
		{85038FE2-80EC-4142-BB76-D915695F2973}.Release(cutest)|x64.ActiveCfg = Release(cutest)|x64
		{85038FE2-80EC-4142-BB76-D915695F2973}.Release(cutest)|x64.Build.0 = Release(cutest)|x64
		{85038FE2-80EC-4142-BB76-D915695F2973}.Release(cutest)|x86.ActiveCfg = Release(cutest)|Win32
		{85038FE2-80EC-4142-BB76-D915695F2973}.Release(cutest)|x86.Build.0 = Release(cutest)|Win32
		{85038FE2-80EC-4142-BB76-D915695F2973}.Release(gtest)|x64.ActiveCfg = Release(gtest)|x64
		{85038FE2-80EC-4142-BB76-D915695F2973}.Release(gtest)|x64.Build.0 = Release(gtest)|x64
		{85038FE2-80EC-4142-BB76-D915695F2973}.Release(gtest)|x86.ActiveCfg = Release(gtest)|Win32
		{85038FE2-80EC-4142-BB76-D915695F2973}.Release(gtest)|x86.Build.0 = Release(gtest)|Win32
		{5E5AC592-F024-477E-B3D3-19D45DFD6C7F}.Debug(cutest)|x64.ActiveCfg = Debug(gtest)|x64
		{5E5AC592-F024-477E-B3D3-19D45DFD6C7F}.Debug(cutest)|x86.ActiveCfg = Debug(gtest)|Win32
		{5E5AC592-F024-477E-B3D3-19D45DFD6C7F}.Debug(gtest)|x64.ActiveCfg = Debug(gtest)|x64
		{5E5AC592-F024-477E-B3D3-19D45DFD6C7F}.Debug(gtest)|x64.Build.0 = Debug(gtest)|x64
		{5E5AC592-F024-477E-B3D3-19D45DFD6C7F}.Debug(gtest)|x86.ActiveCfg = Debug(gtest)|Win32
		{5E5AC592-F024-477E-B3D3-19D45DFD6C7F}.Debug(gtest)|x86.Build.0 = Debug(gtest)|Win32
		{5E5AC592-F024-477E-B3D3-19D45DFD6C7F}.Release(cutest)|x64.ActiveCfg = Release(gtest)|x64
		{5E5AC592-F024-477E-B3D3-19D45DFD6C7F}.Release(cutest)|x86.ActiveCfg = Release(gtest)|Win32
		{5E5AC592-F024-477E-B3D3-19D45DFD6C7F}.Release(gtest)|x64.ActiveCfg = Release(gtest)|x64
		{5E5AC592-F024-477E-B3D3-19D45DFD6C7F}.Release(gtest)|x64.Build.0 = Release(gtest)|x64
		{5E5AC592-F024-477E-B3D3-19D45DFD6C7F}.Release(gtest)|x86.ActiveCfg = Release(gtest)|Win32
		{5E5AC592-F024-477E-B3D3-19D45DFD6C7F}.Release(gtest)|x86.Build.0 = Release(gtest)|Win32
		{1436541D-F94D-4458-855E-8A2453A5CC39}.Debug(cutest)|x64.ActiveCfg = Debug(cutest)|x64
		{1436541D-F94D-4458-855E-8A2453A5CC39}.Debug(cutest)|x64.Build.0 = Debug(cutest)|x64
		{1436541D-F94D-4458-855E-8A2453A5CC39}.Debug(cutest)|x86.ActiveCfg = Debug(cutest)|Win32
		{1436541D-F94D-4458-855E-8A2453A5CC39}.Debug(cutest)|x86.Build.0 = Debug(cutest)|Win32
		{1436541D-F94D-4458-855E-8A2453A5CC39}.Debug(gtest)|x64.ActiveCfg = Debug(cutest)|x64
		{1436541D-F94D-4458-855E-8A2453A5CC39}.Debug(gtest)|x86.ActiveCfg = Debug(cutest)|Win32
		{1436541D-F94D-4458-855E-8A2453A5CC39}.Release(cutest)|x64.ActiveCfg = Release(cutest)|x64
		{1436541D-F94D-4458-855E-8A2453A5CC39}.Release(cutest)|x64.Build.0 = Release(cutest)|x64
		{1436541D-F94D-4458-855E-8A2453A5CC39}.Release(cutest)|x86.ActiveCfg = Release(cutest)|Win32
		{1436541D-F94D-4458-855E-8A2453A5CC39}.Release(cutest)|x86.Build.0 = Release(cutest)|Win32
		{1436541D-F94D-4458-855E-8A2453A5CC39}.Release(gtest)|x64.ActiveCfg = Release(cutest)|x64
		{1436541D-F94D-4458-855E-8A2453A5CC39}.Release(gtest)|x86.ActiveCfg = Release(cutest)|Win32
		{85038FE2-80EC-4142-BB76-201809100716}.Debug(cutest)|x64.ActiveCfg = Debug(cutest)|x64
		{85038FE2-80EC-4142-BB76-201809100716}.Debug(cutest)|x64.Build.0 = Debug(cutest)|x64
		{85038FE2-80EC-4142-BB76-201809100716}.Debug(cutest)|x86.ActiveCfg = Debug(cutest)|Win32
		{85038FE2-80EC-4142-BB76-201809100716}.Debug(cutest)|x86.Build.0 = Debug(cutest)|Win32
		{85038FE2-80EC-4142-BB76-201809100716}.Debug(gtest)|x64.ActiveCfg = Debug(gtest)|x64
		{85038FE2-80EC-4142-BB76-201809100716}.Debug(gtest)|x64.Build.0 = Debug(gtest)|x64
		{85038FE2-80EC-4142-BB76-201809100716}.Debug(gtest)|x86.ActiveCfg = Debug(gtest)|Win32
		{85038FE2-80EC-4142-BB76-201809100716}.Debug(gtest)|x86.Build.0 = Debug(gtest)|Win32
		{85038FE2-80EC-4142-BB76-201809100716}.Release(cutest)|x64.ActiveCfg = Release(cutest)|x64
		{85038FE2-80EC-4142-BB76-201809100716}.Release(cutest)|x64.Build.0 = Release(cutest)|x64
		{85038FE2-80EC-4142-BB76-201809100716}.Release(cutest)|x86.ActiveCfg = Release(cutest)|Win32
		{85038FE2-80EC-4142-BB76-201809100716}.Release(cutest)|x86.Build.0 = Release(cutest)|Win32
		{85038FE2-80EC-4142-BB76-201809100716}.Release(gtest)|x64.ActiveCfg = Release(gtest)|x64
		{85038FE2-80EC-4142-BB76-201809100716}.Release(gtest)|x64.Build.0 = Release(gtest)|x64
		{85038FE2-80EC-4142-BB76-201809100716}.Release(gtest)|x86.ActiveCfg = Release(gtest)|Win32
		{85038FE2-80EC-4142-BB76-201809100716}.Release(gtest)|x86.Build.0 = Release(gtest)|Win32
		{236D4AC4-1965-49E4-98AD-135EB6F03CCE}.Debug(cutest)|x64.ActiveCfg = Debug(cutest)|x64
		{236D4AC4-1965-49E4-98AD-135EB6F03CCE}.Debug(cutest)|x64.Build.0 = Debug(cutest)|x64
		{236D4AC4-1965-49E4-98AD-135EB6F03CCE}.Debug(cutest)|x86.ActiveCfg = Debug(cutest)|Win32
		{236D4AC4-1965-49E4-98AD-135EB6F03CCE}.Debug(cutest)|x86.Build.0 = Debug(cutest)|Win32
		{236D4AC4-1965-49E4-98AD-135EB6F03CCE}.Debug(gtest)|x64.ActiveCfg = Debug(cutest)|x64
		{236D4AC4-1965-49E4-98AD-135EB6F03CCE}.Debug(gtest)|x86.ActiveCfg = Debug(cutest)|Win32
		{236D4AC4-1965-49E4-98AD-135EB6F03CCE}.Release(cutest)|x64.ActiveCfg = Release(cutest)|x64
		{236D4AC4-1965-49E4-98AD-135EB6F03CCE}.Release(cutest)|x64.Build.0 = Release(cutest)|x64
		{236D4AC4-1965-49E4-98AD-135EB6F03CCE}.Release(cutest)|x86.ActiveCfg = Release(cutest)|Win32
		{236D4AC4-1965-49E4-98AD-135EB6F03CCE}.Release(cutest)|x86.Build.0 = Release(cutest)|Win32
		{236D4AC4-1965-49E4-98AD-135EB6F03CCE}.Release(gtest)|x64.ActiveCfg = Release(cutest)|x64
		{236D4AC4-1965-49E4-98AD-135EB6F03CCE}.Release(gtest)|x86.ActiveCfg = Release(cutest)|Win32
		{85038FE2-80EC-4142-BB76-201809161805}.Debug(cutest)|x64.ActiveCfg = Debug(cutest)|x64
		{85038FE2-80EC-4142-BB76-201809161805}.Debug(cutest)|x64.Build.0 = Debug(cutest)|x64
		{85038FE2-80EC-4142-BB76-201809161805}.Debug(cutest)|x86.ActiveCfg = Debug(cutest)|Win32
		{85038FE2-80EC-4142-BB76-201809161805}.Debug(cutest)|x86.Build.0 = Debug(cutest)|Win32
		{85038FE2-80EC-4142-BB76-201809161805}.Debug(gtest)|x64.ActiveCfg = Debug(gtest)|x64
		{85038FE2-80EC-4142-BB76-201809161805}.Debug(gtest)|x64.Build.0 = Debug(gtest)|x64
		{85038FE2-80EC-4142-BB76-201809161805}.Debug(gtest)|x86.ActiveCfg = Debug(gtest)|Win32
		{85038FE2-80EC-4142-BB76-201809161805}.Debug(gtest)|x86.Build.0 = Debug(gtest)|Win32
		{85038FE2-80EC-4142-BB76-201809161805}.Release(cutest)|x64.ActiveCfg = Release(cutest)|x64
		{85038FE2-80EC-4142-BB76-201809161805}.Release(cutest)|x64.Build.0 = Release(cutest)|x64
		{85038FE2-80EC-4142-BB76-201809161805}.Release(cutest)|x86.ActiveCfg = Release(cutest)|Win32
		{85038FE2-80EC-4142-BB76-201809161805}.Release(cutest)|x86.Build.0 = Release(cutest)|Win32
		{85038FE2-80EC-4142-BB76-201809161805}.Release(gtest)|x64.ActiveCfg = Release(gtest)|x64
		{85038FE2-80EC-4142-BB76-201809161805}.Release(gtest)|x64.Build.0 = Release(gtest)|x64
		{85038FE2-80EC-4142-BB76-201809161805}.Release(gtest)|x86.ActiveCfg = Release(gtest)|Win32
		{85038FE2-80EC-4142-BB76-201809161805}.Release(gtest)|x86.Build.0 = Release(gtest)|Win32
		{D651CA98-26A6-4AE7-BB2E-201811161441}.Debug(cutest)|x64.ActiveCfg = Debug(cutest)|x64
		{D651CA98-26A6-4AE7-BB2E-201811161441}.Debug(cutest)|x64.Build.0 = Debug(cutest)|x64
		{D651CA98-26A6-4AE7-BB2E-201811161441}.Debug(cutest)|x86.ActiveCfg = Debug(cutest)|Win32
		{D651CA98-26A6-4AE7-BB2E-201811161441}.Debug(cutest)|x86.Build.0 = Debug(cutest)|Win32
		{D651CA98-26A6-4AE7-BB2E-201811161441}.Debug(gtest)|x64.ActiveCfg = Debug(cutest)|x64
		{D651CA98-26A6-4AE7-BB2E-201811161441}.Debug(gtest)|x86.ActiveCfg = Debug(cutest)|Win32
		{D651CA98-26A6-4AE7-BB2E-201811161441}.Release(cutest)|x64.ActiveCfg = Release(cutest)|x64
		{D651CA98-26A6-4AE7-BB2E-201811161441}.Release(cutest)|x64.Build.0 = Release(cutest)|x64
		{D651CA98-26A6-4AE7-BB2E-201811161441}.Release(cutest)|x86.ActiveCfg = Release(cutest)|Win32
		{D651CA98-26A6-4AE7-BB2E-201811161441}.Release(cutest)|x86.Build.0 = Release(cutest)|Win32
		{D651CA98-26A6-4AE7-BB2E-201811161441}.Release(gtest)|x64.ActiveCfg = Release(cutest)|x64
		{D651CA98-26A6-4AE7-BB2E-201811161441}.Release(gtest)|x86.ActiveCfg = Release(cutest)|Win32
	EndGlobalSection
	GlobalSection(SolutionProperties) = preSolution
		HideSolutionNode = FALSE
	EndGlobalSection
EndGlobal
