
Microsoft Visual Studio Solution File, Format Version 9.00
# Visual Studio 2005
Project("{8BC9CEB8-8B4A-11D0-8D11-00A0C91BC942}") = "MfcTestRunnerApp", "source\runner\mfc\vs2005\MfcTestRunnerApp.vcproj", "{1C88A886-E073-4C6D-81E7-F5A0D34D717E}"
	ProjectSection(WebsiteProperties) = preProject
		Debug.AspNetCompiler.Debug = "True"
		Release.AspNetCompiler.Debug = "False"
	EndProjectSection
EndProject
Project("{2150E333-8FDC-42A3-9474-1A3956D46DE8}") = "cutest runner", "cutest runner", "{EDC6211D-1C29-412C-B573-CC4EEBD13D94}"
	ProjectSection(WebsiteProperties) = preProject
		Debug.AspNetCompiler.Debug = "True"
		Release.AspNetCompiler.Debug = "False"
	EndProjectSection
EndProject
Project("{8BC9CEB8-8B4A-11D0-8D11-00A0C91BC942}") = "ConsoleTestRunnerApp", "source\runner\console\vs2005\ConsoleTestRunnerApp.vcproj", "{554A7628-C55E-490C-98B8-0BA1E7CE1A84}"
	ProjectSection(WebsiteProperties) = preProject
		Debug.AspNetCompiler.Debug = "True"
		Release.AspNetCompiler.Debug = "False"
	EndProjectSection
EndProject
Project("{8BC9CEB8-8B4A-11D0-8D11-00A0C91BC942}") = "gtest_static", "source\gtest_static\vs2005\gtest_static.vcproj", "{BE4D60DD-34AD-4F65-9C76-208DA70688C9}"
	ProjectSection(WebsiteProperties) = preProject
		Debug.AspNetCompiler.Debug = "True"
		Release.AspNetCompiler.Debug = "False"
	EndProjectSection
EndProject
Project("{8BC9CEB8-8B4A-11D0-8D11-00A0C91BC942}") = "AtlFunctionsTest", "source\test\atl_functions\vs2005\AtlFunctionsTest.vcproj", "{CF8018D5-272D-4E43-9730-0969D1791F43}"
	ProjectSection(WebsiteProperties) = preProject
		Debug.AspNetCompiler.Debug = "True"
		Release.AspNetCompiler.Debug = "False"
	EndProjectSection
	ProjectSection(ProjectDependencies) = postProject
		{BE4D60DD-34AD-4F65-9C76-208DA70688C9} = {BE4D60DD-34AD-4F65-9C76-208DA70688C9}
	EndProjectSection
EndProject
Project("{8BC9CEB8-8B4A-11D0-8D11-00A0C91BC942}") = "GdiplusTest", "source\test\gdiplus\vs2005\GdiplusTest.vcproj", "{D18A63FA-AF71-43EB-81FB-201809111524}"
	ProjectSection(WebsiteProperties) = preProject
		Debug.AspNetCompiler.Debug = "True"
		Release.AspNetCompiler.Debug = "False"
	EndProjectSection
EndProject
Project("{8BC9CEB8-8B4A-11D0-8D11-00A0C91BC942}") = "SocketsTest", "source\test\sockets\vs2005\SocketsTest.vcproj", "{CF8018D5-272D-4E43-9730-201809110389}"
	ProjectSection(WebsiteProperties) = preProject
		Debug.AspNetCompiler.Debug = "True"
		Release.AspNetCompiler.Debug = "False"
	EndProjectSection
	ProjectSection(ProjectDependencies) = postProject
		{BE4D60DD-34AD-4F65-9C76-208DA70688C9} = {BE4D60DD-34AD-4F65-9C76-208DA70688C9}
	EndProjectSection
EndProject
Global
	GlobalSection(SolutionConfigurationPlatforms) = preSolution
		Debug(cutest)|Win32 = Debug(cutest)|Win32
		Debug(gtest)|Win32 = Debug(gtest)|Win32
		Release(cutest)|Win32 = Release(cutest)|Win32
		Release(gtest)|Win32 = Release(gtest)|Win32
	EndGlobalSection
	GlobalSection(ProjectConfigurationPlatforms) = postSolution
		{1C88A886-E073-4C6D-81E7-F5A0D34D717E}.Debug(cutest)|Win32.ActiveCfg = Debug(cutest)|Win32
		{1C88A886-E073-4C6D-81E7-F5A0D34D717E}.Debug(cutest)|Win32.Build.0 = Debug(cutest)|Win32
		{1C88A886-E073-4C6D-81E7-F5A0D34D717E}.Debug(gtest)|Win32.ActiveCfg = Debug(cutest)|Win32
		{1C88A886-E073-4C6D-81E7-F5A0D34D717E}.Release(cutest)|Win32.ActiveCfg = Release(cutest)|Win32
		{1C88A886-E073-4C6D-81E7-F5A0D34D717E}.Release(cutest)|Win32.Build.0 = Release(cutest)|Win32
		{1C88A886-E073-4C6D-81E7-F5A0D34D717E}.Release(gtest)|Win32.ActiveCfg = Release(cutest)|Win32
		{554A7628-C55E-490C-98B8-0BA1E7CE1A84}.Debug(cutest)|Win32.ActiveCfg = Debug(cutest)|Win32
		{554A7628-C55E-490C-98B8-0BA1E7CE1A84}.Debug(cutest)|Win32.Build.0 = Debug(cutest)|Win32
		{554A7628-C55E-490C-98B8-0BA1E7CE1A84}.Debug(gtest)|Win32.ActiveCfg = Debug(cutest)|Win32
		{554A7628-C55E-490C-98B8-0BA1E7CE1A84}.Release(cutest)|Win32.ActiveCfg = Release(cutest)|Win32
		{554A7628-C55E-490C-98B8-0BA1E7CE1A84}.Release(cutest)|Win32.Build.0 = Release(cutest)|Win32
		{554A7628-C55E-490C-98B8-0BA1E7CE1A84}.Release(gtest)|Win32.ActiveCfg = Release(cutest)|Win32
		{BE4D60DD-34AD-4F65-9C76-208DA70688C9}.Debug(cutest)|Win32.ActiveCfg = Debug(gtest)|Win32
		{BE4D60DD-34AD-4F65-9C76-208DA70688C9}.Debug(gtest)|Win32.ActiveCfg = Debug(gtest)|Win32
		{BE4D60DD-34AD-4F65-9C76-208DA70688C9}.Debug(gtest)|Win32.Build.0 = Debug(gtest)|Win32
		{BE4D60DD-34AD-4F65-9C76-208DA70688C9}.Release(cutest)|Win32.ActiveCfg = Release(gtest)|Win32
		{BE4D60DD-34AD-4F65-9C76-208DA70688C9}.Release(gtest)|Win32.ActiveCfg = Release(gtest)|Win32
		{BE4D60DD-34AD-4F65-9C76-208DA70688C9}.Release(gtest)|Win32.Build.0 = Release(gtest)|Win32
		{CF8018D5-272D-4E43-9730-0969D1791F43}.Debug(cutest)|Win32.ActiveCfg = Debug(cutest)|Win32
		{CF8018D5-272D-4E43-9730-0969D1791F43}.Debug(cutest)|Win32.Build.0 = Debug(cutest)|Win32
		{CF8018D5-272D-4E43-9730-0969D1791F43}.Debug(gtest)|Win32.ActiveCfg = Debug(gtest)|Win32
		{CF8018D5-272D-4E43-9730-0969D1791F43}.Debug(gtest)|Win32.Build.0 = Debug(gtest)|Win32
		{CF8018D5-272D-4E43-9730-0969D1791F43}.Release(cutest)|Win32.ActiveCfg = Release(cutest)|Win32
		{CF8018D5-272D-4E43-9730-0969D1791F43}.Release(cutest)|Win32.Build.0 = Release(cutest)|Win32
		{CF8018D5-272D-4E43-9730-0969D1791F43}.Release(gtest)|Win32.ActiveCfg = Release(gtest)|Win32
		{CF8018D5-272D-4E43-9730-0969D1791F43}.Release(gtest)|Win32.Build.0 = Release(gtest)|Win32
		{D18A63FA-AF71-43EB-81FB-201809111524}.Debug(cutest)|Win32.ActiveCfg = Debug(cutest)|Win32
		{D18A63FA-AF71-43EB-81FB-201809111524}.Debug(cutest)|Win32.Build.0 = Debug(cutest)|Win32
		{D18A63FA-AF71-43EB-81FB-201809111524}.Debug(gtest)|Win32.ActiveCfg = Debug(cutest)|Win32
		{D18A63FA-AF71-43EB-81FB-201809111524}.Release(cutest)|Win32.ActiveCfg = Release(cutest)|Win32
		{D18A63FA-AF71-43EB-81FB-201809111524}.Release(cutest)|Win32.Build.0 = Release(cutest)|Win32
		{D18A63FA-AF71-43EB-81FB-201809111524}.Release(gtest)|Win32.ActiveCfg = Release(cutest)|Win32
		{CF8018D5-272D-4E43-9730-201809110389}.Debug(cutest)|Win32.ActiveCfg = Debug(cutest)|Win32
		{CF8018D5-272D-4E43-9730-201809110389}.Debug(cutest)|Win32.Build.0 = Debug(cutest)|Win32
		{CF8018D5-272D-4E43-9730-201809110389}.Debug(gtest)|Win32.ActiveCfg = Debug(gtest)|Win32
		{CF8018D5-272D-4E43-9730-201809110389}.Debug(gtest)|Win32.Build.0 = Debug(gtest)|Win32
		{CF8018D5-272D-4E43-9730-201809110389}.Release(cutest)|Win32.ActiveCfg = Release(cutest)|Win32
		{CF8018D5-272D-4E43-9730-201809110389}.Release(cutest)|Win32.Build.0 = Release(cutest)|Win32
		{CF8018D5-272D-4E43-9730-201809110389}.Release(gtest)|Win32.ActiveCfg = Release(gtest)|Win32
		{CF8018D5-272D-4E43-9730-201809110389}.Release(gtest)|Win32.Build.0 = Release(gtest)|Win32
	EndGlobalSection
	GlobalSection(SolutionProperties) = preSolution
		HideSolutionNode = FALSE
	EndGlobalSection
	GlobalSection(NestedProjects) = preSolution
		{1C88A886-E073-4C6D-81E7-F5A0D34D717E} = {EDC6211D-1C29-412C-B573-CC4EEBD13D94}
		{554A7628-C55E-490C-98B8-0BA1E7CE1A84} = {EDC6211D-1C29-412C-B573-CC4EEBD13D94}
	EndGlobalSection
EndGlobal
