<?xml version="1.0" encoding="utf-8"?>
<Project ToolsVersion="4.0" xmlns="http://schemas.microsoft.com/developer/msbuild/2003">
  <ItemGroup>
    <Filter Include="MFC DLL">
      <UniqueIdentifier>{56a8e8d1-4d54-4b10-9f5a-d19c625c255b}</UniqueIdentifier>
    </Filter>
    <Filter Include="MFC DLL\Header Files">
      <UniqueIdentifier>{93995380-89BD-4b04-88EB-625FBE52EBFB}</UniqueIdentifier>
      <Extensions>h;hh;hpp;hxx;hm;inl;inc;xsd</Extensions>
    </Filter>
    <Filter Include="MFC DLL\Resource Files">
      <UniqueIdentifier>{67DA6AB6-F800-4c08-8B7A-83BB121AAD01}</UniqueIdentifier>
      <Extensions>rc;ico;cur;bmp;dlg;rc2;rct;bin;rgs;gif;jpg;jpeg;jpe;resx;tiff;tif;png;wav;mfcribbon-ms</Extensions>
    </Filter>
    <Filter Include="MFC DLL\Source Files">
      <UniqueIdentifier>{4FC737F1-C7A5-4376-A066-2A32D752A2FF}</UniqueIdentifier>
      <Extensions>cpp;c;cc;cxx;def;odl;idl;hpj;bat;asm;asmx</Extensions>
    </Filter>
    <Filter Include="01.Getting Started">
      <UniqueIdentifier>{434aedb3-8afb-4e91-adc3-fad08333d1c7}</UniqueIdentifier>
    </Filter>
    <Filter Include="02.Using a Pen to Draw Lines and Rectangles">
      <UniqueIdentifier>{c7579fe7-5bd3-44a9-95f4-55358bb83aee}</UniqueIdentifier>
    </Filter>
    <Filter Include="01.Getting Started\a.Drawing a Line">
      <UniqueIdentifier>{cad41b40-ef21-4cfc-8ea6-b22a8c620bc9}</UniqueIdentifier>
    </Filter>
    <Filter Include="01.Getting Started\b.Drawing a String">
      <UniqueIdentifier>{8eaec7d7-610d-4c2d-970f-eba921f164ae}</UniqueIdentifier>
    </Filter>
    <Filter Include="02.Using a Pen to Draw Lines and Rectangles\a.Using a Pen to Draw Lines and Rectangles">
      <UniqueIdentifier>{ebea7e6e-c068-422c-bfa1-22b7b1b82b93}</UniqueIdentifier>
    </Filter>
    <Filter Include="Helper">
      <UniqueIdentifier>{0a940750-9261-41e4-b213-9a68b6c57bd8}</UniqueIdentifier>
    </Filter>
    <Filter Include="04.Using Images, Bitmaps, and Metafiles">
      <UniqueIdentifier>{1b2973af-f999-4af3-b4b3-0f196b964065}</UniqueIdentifier>
    </Filter>
    <Filter Include="04.Using Images, Bitmaps, and Metafiles\a.Loading and Displaying Bitmaps">
      <UniqueIdentifier>{671f43b1-e2d4-4eb8-a2fd-a61939216da3}</UniqueIdentifier>
    </Filter>
    <Filter Include="05.Using Image Encoders and Decoders">
      <UniqueIdentifier>{f25fe129-2f67-4868-9295-9ca6334a320c}</UniqueIdentifier>
    </Filter>
    <Filter Include="05.Using Image Encoders and Decoders\a.Listing Installed Encoders">
      <UniqueIdentifier>{dd75e0f0-1f77-4cf7-a18d-12f9b05fcaa4}</UniqueIdentifier>
    </Filter>
    <Filter Include="05.Using Image Encoders and Decoders\b.Listing Installed Decoders">
      <UniqueIdentifier>{49a20366-d3bc-4808-bb7e-229f707269dd}</UniqueIdentifier>
    </Filter>
    <Filter Include="05.Using Image Encoders and Decoders\c.Retrieving the Class Identifier for an Encoder">
      <UniqueIdentifier>{68616254-fc1c-44b4-8d69-c1ed25a79911}</UniqueIdentifier>
    </Filter>
  </ItemGroup>
  <ItemGroup>
    <ClCompile Include="..\stdafx.cpp">
      <Filter>MFC DLL\Source Files</Filter>
    </ClCompile>
    <ClCompile Include="..\draw_line_dlg.cpp">
      <Filter>01.Getting Started\a.Drawing a Line</Filter>
    </ClCompile>
    <ClCompile Include="..\dll_app.cpp">
      <Filter>MFC DLL\Source Files</Filter>
    </ClCompile>
    <ClCompile Include="..\getting_started.cpp">
      <Filter>01.Getting Started</Filter>
    </ClCompile>
    <ClCompile Include="..\draw_string_dlg.cpp">
      <Filter>01.Getting Started\b.Drawing a String</Filter>
    </ClCompile>
    <ClCompile Include="..\draw_rectangle_dlg.cpp">
      <Filter>02.Using a Pen to Draw Lines and Rectangles\a.Using a Pen to Draw Lines and Rectangles</Filter>
    </ClCompile>
    <ClCompile Include="..\helper.cpp">
      <Filter>Helper</Filter>
    </ClCompile>
    <ClCompile Include="..\draw_jpeg_dlg.cpp">
      <Filter>04.Using Images, Bitmaps, and Metafiles\a.Loading and Displaying Bitmaps</Filter>
    </ClCompile>
    <ClCompile Include="..\using_image.cpp">
      <Filter>04.Using Images, Bitmaps, and Metafiles</Filter>
    </ClCompile>
    <ClCompile Include="..\draw_icon_dlg.cpp">
      <Filter>04.Using Images, Bitmaps, and Metafiles\a.Loading and Displaying Bitmaps</Filter>
    </ClCompile>
    <ClCompile Include="..\using_pen.cpp">
      <Filter>MFC DLL\Source Files</Filter>
    </ClCompile>
    <ClCompile Include="..\installed_encoders.cpp">
      <Filter>05.Using Image Encoders and Decoders\a.Listing Installed Encoders</Filter>
    </ClCompile>
    <ClCompile Include="..\installed_decoders.cpp">
      <Filter>05.Using Image Encoders and Decoders\b.Listing Installed Decoders</Filter>
    </ClCompile>
    <ClCompile Include="..\encoder_clsid.cpp">
      <Filter>05.Using Image Encoders and Decoders\c.Retrieving the Class Identifier for an Encoder</Filter>
    </ClCompile>
  </ItemGroup>
  <ItemGroup>
    <ClInclude Include="..\stdafx.h">
      <Filter>MFC DLL\Header Files</Filter>
    </ClInclude>
    <ClInclude Include="..\resource.h">
      <Filter>MFC DLL\Header Files</Filter>
    </ClInclude>
    <ClInclude Include="..\targetver.h">
      <Filter>MFC DLL\Header Files</Filter>
    </ClInclude>
    <ClInclude Include="..\draw_line_dlg.h">
      <Filter>01.Getting Started\a.Drawing a Line</Filter>
    </ClInclude>
    <ClInclude Include="..\dll_app.h">
      <Filter>MFC DLL\Header Files</Filter>
    </ClInclude>
    <ClInclude Include="..\draw_string_dlg.h">
      <Filter>01.Getting Started\b.Drawing a String</Filter>
    </ClInclude>
    <ClInclude Include="..\draw_rectangle_dlg.h">
      <Filter>02.Using a Pen to Draw Lines and Rectangles\a.Using a Pen to Draw Lines and Rectangles</Filter>
    </ClInclude>
    <ClInclude Include="..\helper.h">
      <Filter>Helper</Filter>
    </ClInclude>
    <ClInclude Include="..\draw_jpeg_dlg.h">
      <Filter>04.Using Images, Bitmaps, and Metafiles\a.Loading and Displaying Bitmaps</Filter>
    </ClInclude>
    <ClInclude Include="..\draw_icon_dlg.h">
      <Filter>04.Using Images, Bitmaps, and Metafiles\a.Loading and Displaying Bitmaps</Filter>
    </ClInclude>
  </ItemGroup>
  <ItemGroup>
    <None Include="..\res\gdiplus_test.rc2">
      <Filter>MFC DLL\Resource Files</Filter>
    </None>
    <None Include="..\gdiplus_test.def">
      <Filter>MFC DLL\Source Files</Filter>
    </None>
  </ItemGroup>
  <ItemGroup>
    <ResourceCompile Include="..\gdiplus_test.rc">
      <Filter>MFC DLL\Resource Files</Filter>
    </ResourceCompile>
  </ItemGroup>
  <ItemGroup>
    <Image Include="..\res\gdiplus_test.ico">
      <Filter>MFC DLL\Resource Files</Filter>
    </Image>
  </ItemGroup>
</Project>