<?xml version="1.0" encoding="utf-8"?>
<Project ToolsVersion="4.0" xmlns="http://schemas.microsoft.com/developer/msbuild/2003">
  <ItemGroup>
    <Filter Include="Generated Files">
      <UniqueIdentifier>{feceb7f6-f620-433a-bbd1-48dcdb95d956}</UniqueIdentifier>
    </Filter>
    <Filter Include="Test">
      <UniqueIdentifier>{fc16d4a2-80ba-477d-8867-e08efee3f117}</UniqueIdentifier>
    </Filter>
  </ItemGroup>
  <ItemGroup>
    <ClInclude Include="..\targetver.h">
      <Filter>Generated Files</Filter>
    </ClInclude>
    <ClInclude Include="..\stdafx.h">
      <Filter>Generated Files</Filter>
    </ClInclude>
  </ItemGroup>
  <ItemGroup>
    <ClCompile Include="..\stdafx.cpp">
      <Filter>Generated Files</Filter>
    </ClCompile>
    <ClCompile Include="..\gtest_main.cc">
      <Filter>Generated Files</Filter>
    </ClCompile>
    <ClCompile Include="..\dllmain.cpp">
      <Filter>Generated Files</Filter>
    </ClCompile>
    <ClCompile Include="..\winsock_test.cpp">
      <Filter>Test</Filter>
    </ClCompile>
  </ItemGroup>
</Project>